
Microsoft Visual Studio Solution File, Format Version 12.00
# Visual Studio 15
VisualStudioVersion = 15.0.28307.421
MinimumVisualStudioVersion = 10.0.40219.1
Project("{FAE04EC0-301F-11D3-BF4B-00C04F79EFBC}") = "RideRequest.Android", "RideRequest\RideRequest.Android\RideRequest.Android.csproj", "{1ADBEC83-09F6-4426-A1E5-0AE95CAE83BC}"
EndProject
Project("{FAE04EC0-301F-11D3-BF4B-00C04F79EFBC}") = "RideRequest.iOS", "RideRequest\RideRequest.iOS\RideRequest.iOS.csproj", "{EC74A829-9AE1-440F-B42B-5C093566D5FB}"
EndProject
Project("{FAE04EC0-301F-11D3-BF4B-00C04F79EFBC}") = "RideRequest", "RideRequest\RideRequest\RideRequest.csproj", "{1A476DD1-D303-4155-82E9-7B0EB52C5659}"
EndProject
Global
	GlobalSection(SolutionConfigurationPlatforms) = preSolution
		Ad-Hoc|Any CPU = Ad-Hoc|Any CPU
		Ad-Hoc|iPhone = Ad-Hoc|iPhone
		Ad-Hoc|iPhoneSimulator = Ad-Hoc|iPhoneSimulator
		AppStore|Any CPU = AppStore|Any CPU
		AppStore|iPhone = AppStore|iPhone
		AppStore|iPhoneSimulator = AppStore|iPhoneSimulator
		Debug|Any CPU = Debug|Any CPU
		Debug|iPhone = Debug|iPhone
		Debug|iPhoneSimulator = Debug|iPhoneSimulator
		Release|Any CPU = Release|Any CPU
		Release|iPhone = Release|iPhone
		Release|iPhoneSimulator = Release|iPhoneSimulator
	EndGlobalSection
	GlobalSection(ProjectConfigurationPlatforms) = postSolution
		{1ADBEC83-09F6-4426-A1E5-0AE95CAE83BC}.Ad-Hoc|Any CPU.ActiveCfg = Release|Any CPU
		{1ADBEC83-09F6-4426-A1E5-0AE95CAE83BC}.Ad-Hoc|Any CPU.Build.0 = Release|Any CPU
		{1ADBEC83-09F6-4426-A1E5-0AE95CAE83BC}.Ad-Hoc|Any CPU.Deploy.0 = Release|Any CPU
		{1ADBEC83-09F6-4426-A1E5-0AE95CAE83BC}.Ad-Hoc|iPhone.ActiveCfg = Release|Any CPU
		{1ADBEC83-09F6-4426-A1E5-0AE95CAE83BC}.Ad-Hoc|iPhone.Build.0 = Release|Any CPU
		{1ADBEC83-09F6-4426-A1E5-0AE95CAE83BC}.Ad-Hoc|iPhone.Deploy.0 = Release|Any CPU
		{1ADBEC83-09F6-4426-A1E5-0AE95CAE83BC}.Ad-Hoc|iPhoneSimulator.ActiveCfg = Release|Any CPU
		{1ADBEC83-09F6-4426-A1E5-0AE95CAE83BC}.Ad-Hoc|iPhoneSimulator.Build.0 = Release|Any CPU
		{1ADBEC83-09F6-4426-A1E5-0AE95CAE83BC}.Ad-Hoc|iPhoneSimulator.Deploy.0 = Release|Any CPU
		{1ADBEC83-09F6-4426-A1E5-0AE95CAE83BC}.AppStore|Any CPU.ActiveCfg = Release|Any CPU
		{1ADBEC83-09F6-4426-A1E5-0AE95CAE83BC}.AppStore|Any CPU.Build.0 = Release|Any CPU
		{1ADBEC83-09F6-4426-A1E5-0AE95CAE83BC}.AppStore|Any CPU.Deploy.0 = Release|Any CPU
		{1ADBEC83-09F6-4426-A1E5-0AE95CAE83BC}.AppStore|iPhone.ActiveCfg = Release|Any CPU
		{1ADBEC83-09F6-4426-A1E5-0AE95CAE83BC}.AppStore|iPhone.Build.0 = Release|Any CPU
		{1ADBEC83-09F6-4426-A1E5-0AE95CAE83BC}.AppStore|iPhone.Deploy.0 = Release|Any CPU
		{1ADBEC83-09F6-4426-A1E5-0AE95CAE83BC}.AppStore|iPhoneSimulator.ActiveCfg = Release|Any CPU
		{1ADBEC83-09F6-4426-A1E5-0AE95CAE83BC}.AppStore|iPhoneSimulator.Build.0 = Release|Any CPU
		{1ADBEC83-09F6-4426-A1E5-0AE95CAE83BC}.AppStore|iPhoneSimulator.Deploy.0 = Release|Any CPU
		{1ADBEC83-09F6-4426-A1E5-0AE95CAE83BC}.Debug|Any CPU.ActiveCfg = Debug|Any CPU
		{1ADBEC83-09F6-4426-A1E5-0AE95CAE83BC}.Debug|Any CPU.Build.0 = Debug|Any CPU
		{1ADBEC83-09F6-4426-A1E5-0AE95CAE83BC}.Debug|Any CPU.Deploy.0 = Debug|Any CPU
		{1ADBEC83-09F6-4426-A1E5-0AE95CAE83BC}.Debug|iPhone.ActiveCfg = Debug|Any CPU
		{1ADBEC83-09F6-4426-A1E5-0AE95CAE83BC}.Debug|iPhone.Build.0 = Debug|Any CPU
		{1ADBEC83-09F6-4426-A1E5-0AE95CAE83BC}.Debug|iPhone.Deploy.0 = Debug|Any CPU
		{1ADBEC83-09F6-4426-A1E5-0AE95CAE83BC}.Debug|iPhoneSimulator.ActiveCfg = Debug|Any CPU
		{1ADBEC83-09F6-4426-A1E5-0AE95CAE83BC}.Debug|iPhoneSimulator.Build.0 = Debug|Any CPU
		{1ADBEC83-09F6-4426-A1E5-0AE95CAE83BC}.Debug|iPhoneSimulator.Deploy.0 = Debug|Any CPU
		{1ADBEC83-09F6-4426-A1E5-0AE95CAE83BC}.Release|Any CPU.ActiveCfg = Release|Any CPU
		{1ADBEC83-09F6-4426-A1E5-0AE95CAE83BC}.Release|Any CPU.Build.0 = Release|Any CPU
		{1ADBEC83-09F6-4426-A1E5-0AE95CAE83BC}.Release|Any CPU.Deploy.0 = Release|Any CPU
		{1ADBEC83-09F6-4426-A1E5-0AE95CAE83BC}.Release|iPhone.ActiveCfg = Release|Any CPU
		{1ADBEC83-09F6-4426-A1E5-0AE95CAE83BC}.Release|iPhone.Build.0 = Release|Any CPU
		{1ADBEC83-09F6-4426-A1E5-0AE95CAE83BC}.Release|iPhone.Deploy.0 = Release|Any CPU
		{1ADBEC83-09F6-4426-A1E5-0AE95CAE83BC}.Release|iPhoneSimulator.ActiveCfg = Release|Any CPU
		{1ADBEC83-09F6-4426-A1E5-0AE95CAE83BC}.Release|iPhoneSimulator.Build.0 = Release|Any CPU
		{1ADBEC83-09F6-4426-A1E5-0AE95CAE83BC}.Release|iPhoneSimulator.Deploy.0 = Release|Any CPU
		{EC74A829-9AE1-440F-B42B-5C093566D5FB}.Ad-Hoc|Any CPU.ActiveCfg = Ad-Hoc|iPhone
		{EC74A829-9AE1-440F-B42B-5C093566D5FB}.Ad-Hoc|Any CPU.Build.0 = Ad-Hoc|iPhone
		{EC74A829-9AE1-440F-B42B-5C093566D5FB}.Ad-Hoc|Any CPU.Deploy.0 = Ad-Hoc|iPhone
		{EC74A829-9AE1-440F-B42B-5C093566D5FB}.Ad-Hoc|iPhone.ActiveCfg = Ad-Hoc|iPhone
		{EC74A829-9AE1-440F-B42B-5C093566D5FB}.Ad-Hoc|iPhone.Build.0 = Ad-Hoc|iPhone
		{EC74A829-9AE1-440F-B42B-5C093566D5FB}.Ad-Hoc|iPhone.Deploy.0 = Ad-Hoc|iPhone
		{EC74A829-9AE1-440F-B42B-5C093566D5FB}.Ad-Hoc|iPhoneSimulator.ActiveCfg = Ad-Hoc|iPhoneSimulator
		{EC74A829-9AE1-440F-B42B-5C093566D5FB}.Ad-Hoc|iPhoneSimulator.Build.0 = Ad-Hoc|iPhoneSimulator
		{EC74A829-9AE1-440F-B42B-5C093566D5FB}.Ad-Hoc|iPhoneSimulator.Deploy.0 = Ad-Hoc|iPhoneSimulator
		{EC74A829-9AE1-440F-B42B-5C093566D5FB}.AppStore|Any CPU.ActiveCfg = AppStore|iPhone
		{EC74A829-9AE1-440F-B42B-5C093566D5FB}.AppStore|Any CPU.Build.0 = AppStore|iPhone
		{EC74A829-9AE1-440F-B42B-5C093566D5FB}.AppStore|Any CPU.Deploy.0 = AppStore|iPhone
		{EC74A829-9AE1-440F-B42B-5C093566D5FB}.AppStore|iPhone.ActiveCfg = AppStore|iPhone
		{EC74A829-9AE1-440F-B42B-5C093566D5FB}.AppStore|iPhone.Build.0 = AppStore|iPhone
		{EC74A829-9AE1-440F-B42B-5C093566D5FB}.AppStore|iPhone.Deploy.0 = AppStore|iPhone
		{EC74A829-9AE1-440F-B42B-5C093566D5FB}.AppStore|iPhoneSimulator.ActiveCfg = AppStore|iPhoneSimulator
		{EC74A829-9AE1-440F-B42B-5C093566D5FB}.AppStore|iPhoneSimulator.Build.0 = AppStore|iPhoneSimulator
		{EC74A829-9AE1-440F-B42B-5C093566D5FB}.AppStore|iPhoneSimulator.Deploy.0 = AppStore|iPhoneSimulator
		{EC74A829-9AE1-440F-B42B-5C093566D5FB}.Debug|Any CPU.ActiveCfg = Debug|iPhoneSimulator
		{EC74A829-9AE1-440F-B42B-5C093566D5FB}.Debug|Any CPU.Build.0 = Debug|iPhoneSimulator
		{EC74A829-9AE1-440F-B42B-5C093566D5FB}.Debug|Any CPU.Deploy.0 = Debug|iPhoneSimulator
		{EC74A829-9AE1-440F-B42B-5C093566D5FB}.Debug|iPhone.ActiveCfg = Debug|iPhone
		{EC74A829-9AE1-440F-B42B-5C093566D5FB}.Debug|iPhone.Build.0 = Debug|iPhone
		{EC74A829-9AE1-440F-B42B-5C093566D5FB}.Debug|iPhone.Deploy.0 = Debug|iPhone
		{EC74A829-9AE1-440F-B42B-5C093566D5FB}.Debug|iPhoneSimulator.ActiveCfg = Debug|iPhoneSimulator
		{EC74A829-9AE1-440F-B42B-5C093566D5FB}.Debug|iPhoneSimulator.Build.0 = Debug|iPhoneSimulator
		{EC74A829-9AE1-440F-B42B-5C093566D5FB}.Debug|iPhoneSimulator.Deploy.0 = Debug|iPhoneSimulator
		{EC74A829-9AE1-440F-B42B-5C093566D5FB}.Release|Any CPU.ActiveCfg = Release|iPhone
		{EC74A829-9AE1-440F-B42B-5C093566D5FB}.Release|Any CPU.Build.0 = Release|iPhone
		{EC74A829-9AE1-440F-B42B-5C093566D5FB}.Release|Any CPU.Deploy.0 = Release|iPhone
		{EC74A829-9AE1-440F-B42B-5C093566D5FB}.Release|iPhone.ActiveCfg = Release|iPhone
		{EC74A829-9AE1-440F-B42B-5C093566D5FB}.Release|iPhone.Build.0 = Release|iPhone
		{EC74A829-9AE1-440F-B42B-5C093566D5FB}.Release|iPhone.Deploy.0 = Release|iPhone
		{EC74A829-9AE1-440F-B42B-5C093566D5FB}.Release|iPhoneSimulator.ActiveCfg = Release|iPhoneSimulator
		{EC74A829-9AE1-440F-B42B-5C093566D5FB}.Release|iPhoneSimulator.Build.0 = Release|iPhoneSimulator
		{EC74A829-9AE1-440F-B42B-5C093566D5FB}.Release|iPhoneSimulator.Deploy.0 = Release|iPhoneSimulator
		{1A476DD1-D303-4155-82E9-7B0EB52C5659}.Ad-Hoc|Any CPU.ActiveCfg = Debug|Any CPU
		{1A476DD1-D303-4155-82E9-7B0EB52C5659}.Ad-Hoc|Any CPU.Build.0 = Debug|Any CPU
		{1A476DD1-D303-4155-82E9-7B0EB52C5659}.Ad-Hoc|Any CPU.Deploy.0 = Debug|Any CPU
		{1A476DD1-D303-4155-82E9-7B0EB52C5659}.Ad-Hoc|iPhone.ActiveCfg = Debug|Any CPU
		{1A476DD1-D303-4155-82E9-7B0EB52C5659}.Ad-Hoc|iPhone.Build.0 = Debug|Any CPU
		{1A476DD1-D303-4155-82E9-7B0EB52C5659}.Ad-Hoc|iPhone.Deploy.0 = Debug|Any CPU
		{1A476DD1-D303-4155-82E9-7B0EB52C5659}.Ad-Hoc|iPhoneSimulator.ActiveCfg = Debug|Any CPU
		{1A476DD1-D303-4155-82E9-7B0EB52C5659}.Ad-Hoc|iPhoneSimulator.Build.0 = Debug|Any CPU
		{1A476DD1-D303-4155-82E9-7B0EB52C5659}.Ad-Hoc|iPhoneSimulator.Deploy.0 = Debug|Any CPU
		{1A476DD1-D303-4155-82E9-7B0EB52C5659}.AppStore|Any CPU.ActiveCfg = Debug|Any CPU
		{1A476DD1-D303-4155-82E9-7B0EB52C5659}.AppStore|Any CPU.Build.0 = Debug|Any CPU
		{1A476DD1-D303-4155-82E9-7B0EB52C5659}.AppStore|Any CPU.Deploy.0 = Debug|Any CPU
		{1A476DD1-D303-4155-82E9-7B0EB52C5659}.AppStore|iPhone.ActiveCfg = Debug|Any CPU
		{1A476DD1-D303-4155-82E9-7B0EB52C5659}.AppStore|iPhone.Build.0 = Debug|Any CPU
		{1A476DD1-D303-4155-82E9-7B0EB52C5659}.AppStore|iPhone.Deploy.0 = Debug|Any CPU
		{1A476DD1-D303-4155-82E9-7B0EB52C5659}.AppStore|iPhoneSimulator.ActiveCfg = Debug|Any CPU
		{1A476DD1-D303-4155-82E9-7B0EB52C5659}.AppStore|iPhoneSimulator.Build.0 = Debug|Any CPU
		{1A476DD1-D303-4155-82E9-7B0EB52C5659}.AppStore|iPhoneSimulator.Deploy.0 = Debug|Any CPU
		{1A476DD1-D303-4155-82E9-7B0EB52C5659}.Debug|Any CPU.ActiveCfg = Debug|Any CPU
		{1A476DD1-D303-4155-82E9-7B0EB52C5659}.Debug|Any CPU.Build.0 = Debug|Any CPU
		{1A476DD1-D303-4155-82E9-7B0EB52C5659}.Debug|Any CPU.Deploy.0 = Debug|Any CPU
		{1A476DD1-D303-4155-82E9-7B0EB52C5659}.Debug|iPhone.ActiveCfg = Debug|Any CPU
		{1A476DD1-D303-4155-82E9-7B0EB52C5659}.Debug|iPhone.Build.0 = Debug|Any CPU
		{1A476DD1-D303-4155-82E9-7B0EB52C5659}.Debug|iPhone.Deploy.0 = Debug|Any CPU
		{1A476DD1-D303-4155-82E9-7B0EB52C5659}.Debug|iPhoneSimulator.ActiveCfg = Debug|Any CPU
		{1A476DD1-D303-4155-82E9-7B0EB52C5659}.Debug|iPhoneSimulator.Build.0 = Debug|Any CPU
		{1A476DD1-D303-4155-82E9-7B0EB52C5659}.Debug|iPhoneSimulator.Deploy.0 = Debug|Any CPU
		{1A476DD1-D303-4155-82E9-7B0EB52C5659}.Release|Any CPU.ActiveCfg = Release|Any CPU
		{1A476DD1-D303-4155-82E9-7B0EB52C5659}.Release|Any CPU.Build.0 = Release|Any CPU
		{1A476DD1-D303-4155-82E9-7B0EB52C5659}.Release|Any CPU.Deploy.0 = Release|Any CPU
		{1A476DD1-D303-4155-82E9-7B0EB52C5659}.Release|iPhone.ActiveCfg = Release|Any CPU
		{1A476DD1-D303-4155-82E9-7B0EB52C5659}.Release|iPhone.Build.0 = Release|Any CPU
		{1A476DD1-D303-4155-82E9-7B0EB52C5659}.Release|iPhone.Deploy.0 = Release|Any CPU
		{1A476DD1-D303-4155-82E9-7B0EB52C5659}.Release|iPhoneSimulator.ActiveCfg = Release|Any CPU
		{1A476DD1-D303-4155-82E9-7B0EB52C5659}.Release|iPhoneSimulator.Build.0 = Release|Any CPU
		{1A476DD1-D303-4155-82E9-7B0EB52C5659}.Release|iPhoneSimulator.Deploy.0 = Release|Any CPU
	EndGlobalSection
	GlobalSection(SolutionProperties) = preSolution
		HideSolutionNode = FALSE
	EndGlobalSection
	GlobalSection(ExtensibilityGlobals) = postSolution
		SolutionGuid = {026354E4-0932-4D52-8EE5-4FB83692140A}
	EndGlobalSection
EndGlobal
